
Microsoft Visual Studio Solution File, Format Version 12.00
# Visual Studio 2013
VisualStudioVersion = 12.0.40629.0
MinimumVisualStudioVersion = 10.0.40219.1
Project("{FAE04EC0-301F-11D3-BF4B-00C04F79EFBC}") = "MyPorgamManage", "MyPorgamManage\MyPorgamManage.csproj", "{F74FFA1B-3DB0-4A5D-9080-987E2D2620DA}"
EndProject
Project("{FAE04EC0-301F-11D3-BF4B-00C04F79EFBC}") = "IServer", "IServer\IServer.csproj", "{2BD72435-8993-41F7-8474-9D63BD0D261E}"
EndProject
Project("{FAE04EC0-301F-11D3-BF4B-00C04F79EFBC}") = "ICore", "ICore\ICore.csproj", "{C2627C25-69A0-4C4F-A7DA-331FDA27E692}"
EndProject
Project("{FAE04EC0-301F-11D3-BF4B-00C04F79EFBC}") = "Server", "Server\Server.csproj", "{53C132A1-8FCE-43E4-A081-9F58549C3E4C}"
EndProject
Project("{FAE04EC0-301F-11D3-BF4B-00C04F79EFBC}") = "Core", "Core\Core.csproj", "{04375C5C-3D68-4059-A38F-D05165B7F231}"
EndProject
Project("{FAE04EC0-301F-11D3-BF4B-00C04F79EFBC}") = "Entity", "Entity\Entity.csproj", "{3A63AE63-9B9D-4A01-BAE4-D0F9A643AEBE}"
EndProject
Project("{FAE04EC0-301F-11D3-BF4B-00C04F79EFBC}") = "Repository", "Repository\Repository.csproj", "{104C7FE4-4F0C-4554-87E0-232B13DF1EC4}"
EndProject
Project("{2150E333-8FDC-42A3-9474-1A3956D46DE8}") = "01IBLL", "01IBLL", "{66B909B2-2ED7-4154-9824-2DEEAFB9200D}"
EndProject
Project("{2150E333-8FDC-42A3-9474-1A3956D46DE8}") = "02IDAL", "02IDAL", "{E21441BE-EDFE-4AC9-86A8-89396EB9F273}"
EndProject
Project("{2150E333-8FDC-42A3-9474-1A3956D46DE8}") = "03B_LL", "03B_LL", "{A1E5AE41-A18E-4F03-A315-987ACAA6C78C}"
EndProject
Project("{2150E333-8FDC-42A3-9474-1A3956D46DE8}") = "04DAL", "04DAL", "{0EA10C9C-9E20-4E30-AC9B-60BB0296941C}"
EndProject
Project("{2150E333-8FDC-42A3-9474-1A3956D46DE8}") = "05Entity", "05Entity", "{26BD198E-C29E-406E-B09B-DF87D3E01B3F}"
EndProject
Project("{FAE04EC0-301F-11D3-BF4B-00C04F79EFBC}") = "MyFunctionTest", "MyFunctionTest\MyFunctionTest.csproj", "{383A555F-8F4D-4652-B012-2991CF8B479B}"
EndProject
Project("{2150E333-8FDC-42A3-9474-1A3956D46DE8}") = "06Tools", "06Tools", "{6F8A4170-8E80-4921-97FC-1030AD326028}"
EndProject
Project("{2150E333-8FDC-42A3-9474-1A3956D46DE8}") = "07UI", "07UI", "{646C6F44-C68B-4162-916F-7CF48E9A5AAF}"
EndProject
Project("{2150E333-8FDC-42A3-9474-1A3956D46DE8}") = "08Test", "08Test", "{85300F19-F398-4666-8809-4EAF6ED8A941}"
EndProject
Global
	GlobalSection(SolutionConfigurationPlatforms) = preSolution
		Debug|Any CPU = Debug|Any CPU
		Release|Any CPU = Release|Any CPU
	EndGlobalSection
	GlobalSection(ProjectConfigurationPlatforms) = postSolution
		{F74FFA1B-3DB0-4A5D-9080-987E2D2620DA}.Debug|Any CPU.ActiveCfg = Debug|Any CPU
		{F74FFA1B-3DB0-4A5D-9080-987E2D2620DA}.Debug|Any CPU.Build.0 = Debug|Any CPU
		{F74FFA1B-3DB0-4A5D-9080-987E2D2620DA}.Release|Any CPU.ActiveCfg = Release|Any CPU
		{F74FFA1B-3DB0-4A5D-9080-987E2D2620DA}.Release|Any CPU.Build.0 = Release|Any CPU
		{2BD72435-8993-41F7-8474-9D63BD0D261E}.Debug|Any CPU.ActiveCfg = Debug|Any CPU
		{2BD72435-8993-41F7-8474-9D63BD0D261E}.Debug|Any CPU.Build.0 = Debug|Any CPU
		{2BD72435-8993-41F7-8474-9D63BD0D261E}.Release|Any CPU.ActiveCfg = Release|Any CPU
		{2BD72435-8993-41F7-8474-9D63BD0D261E}.Release|Any CPU.Build.0 = Release|Any CPU
		{C2627C25-69A0-4C4F-A7DA-331FDA27E692}.Debug|Any CPU.ActiveCfg = Debug|Any CPU
		{C2627C25-69A0-4C4F-A7DA-331FDA27E692}.Debug|Any CPU.Build.0 = Debug|Any CPU
		{C2627C25-69A0-4C4F-A7DA-331FDA27E692}.Release|Any CPU.ActiveCfg = Release|Any CPU
		{C2627C25-69A0-4C4F-A7DA-331FDA27E692}.Release|Any CPU.Build.0 = Release|Any CPU
		{53C132A1-8FCE-43E4-A081-9F58549C3E4C}.Debug|Any CPU.ActiveCfg = Debug|Any CPU
		{53C132A1-8FCE-43E4-A081-9F58549C3E4C}.Debug|Any CPU.Build.0 = Debug|Any CPU
		{53C132A1-8FCE-43E4-A081-9F58549C3E4C}.Release|Any CPU.ActiveCfg = Release|Any CPU
		{53C132A1-8FCE-43E4-A081-9F58549C3E4C}.Release|Any CPU.Build.0 = Release|Any CPU
		{04375C5C-3D68-4059-A38F-D05165B7F231}.Debug|Any CPU.ActiveCfg = Debug|Any CPU
		{04375C5C-3D68-4059-A38F-D05165B7F231}.Debug|Any CPU.Build.0 = Debug|Any CPU
		{04375C5C-3D68-4059-A38F-D05165B7F231}.Release|Any CPU.ActiveCfg = Release|Any CPU
		{04375C5C-3D68-4059-A38F-D05165B7F231}.Release|Any CPU.Build.0 = Release|Any CPU
		{3A63AE63-9B9D-4A01-BAE4-D0F9A643AEBE}.Debug|Any CPU.ActiveCfg = Debug|Any CPU
		{3A63AE63-9B9D-4A01-BAE4-D0F9A643AEBE}.Debug|Any CPU.Build.0 = Debug|Any CPU
		{3A63AE63-9B9D-4A01-BAE4-D0F9A643AEBE}.Release|Any CPU.ActiveCfg = Release|Any CPU
		{3A63AE63-9B9D-4A01-BAE4-D0F9A643AEBE}.Release|Any CPU.Build.0 = Release|Any CPU
		{104C7FE4-4F0C-4554-87E0-232B13DF1EC4}.Debug|Any CPU.ActiveCfg = Debug|Any CPU
		{104C7FE4-4F0C-4554-87E0-232B13DF1EC4}.Debug|Any CPU.Build.0 = Debug|Any CPU
		{104C7FE4-4F0C-4554-87E0-232B13DF1EC4}.Release|Any CPU.ActiveCfg = Release|Any CPU
		{104C7FE4-4F0C-4554-87E0-232B13DF1EC4}.Release|Any CPU.Build.0 = Release|Any CPU
		{383A555F-8F4D-4652-B012-2991CF8B479B}.Debug|Any CPU.ActiveCfg = Debug|Any CPU
		{383A555F-8F4D-4652-B012-2991CF8B479B}.Debug|Any CPU.Build.0 = Debug|Any CPU
		{383A555F-8F4D-4652-B012-2991CF8B479B}.Release|Any CPU.ActiveCfg = Release|Any CPU
		{383A555F-8F4D-4652-B012-2991CF8B479B}.Release|Any CPU.Build.0 = Release|Any CPU
	EndGlobalSection
	GlobalSection(SolutionProperties) = preSolution
		HideSolutionNode = FALSE
	EndGlobalSection
	GlobalSection(NestedProjects) = preSolution
		{F74FFA1B-3DB0-4A5D-9080-987E2D2620DA} = {646C6F44-C68B-4162-916F-7CF48E9A5AAF}
		{2BD72435-8993-41F7-8474-9D63BD0D261E} = {E21441BE-EDFE-4AC9-86A8-89396EB9F273}
		{C2627C25-69A0-4C4F-A7DA-331FDA27E692} = {66B909B2-2ED7-4154-9824-2DEEAFB9200D}
		{53C132A1-8FCE-43E4-A081-9F58549C3E4C} = {0EA10C9C-9E20-4E30-AC9B-60BB0296941C}
		{04375C5C-3D68-4059-A38F-D05165B7F231} = {A1E5AE41-A18E-4F03-A315-987ACAA6C78C}
		{3A63AE63-9B9D-4A01-BAE4-D0F9A643AEBE} = {26BD198E-C29E-406E-B09B-DF87D3E01B3F}
		{104C7FE4-4F0C-4554-87E0-232B13DF1EC4} = {6F8A4170-8E80-4921-97FC-1030AD326028}
		{383A555F-8F4D-4652-B012-2991CF8B479B} = {85300F19-F398-4666-8809-4EAF6ED8A941}
	EndGlobalSection
EndGlobal
